
Microsoft Visual Studio Solution File, Format Version 12.00
# Visual Studio Version 17
VisualStudioVersion = 17.4.33103.184
MinimumVisualStudioVersion = 10.0.40219.1
Project("{8BC9CEB8-8B4A-11D0-8D11-00A0C91BC942}") = "CubeMatrixProgram", "CubeMatrixProgram.vcxproj", "{C496A5E2-4168-4D7F-B7E9-68D295C6A076}"
EndProject
Global
	GlobalSection(SolutionConfigurationPlatforms) = preSolution
		Debug|x64 = Debug|x64
		Debug|x86 = Debug|x86
		Release|x64 = Release|x64
		Release|x86 = Release|x86
	EndGlobalSection
	GlobalSection(ProjectConfigurationPlatforms) = postSolution
		{C496A5E2-4168-4D7F-B7E9-68D295C6A076}.Debug|x64.ActiveCfg = Debug|x64
		{C496A5E2-4168-4D7F-B7E9-68D295C6A076}.Debug|x64.Build.0 = Debug|x64
		{C496A5E2-4168-4D7F-B7E9-68D295C6A076}.Debug|x86.ActiveCfg = Debug|Win32
		{C496A5E2-4168-4D7F-B7E9-68D295C6A076}.Debug|x86.Build.0 = Debug|Win32
		{C496A5E2-4168-4D7F-B7E9-68D295C6A076}.Release|x64.ActiveCfg = Release|x64
		{C496A5E2-4168-4D7F-B7E9-68D295C6A076}.Release|x64.Build.0 = Release|x64
		{C496A5E2-4168-4D7F-B7E9-68D295C6A076}.Release|x86.ActiveCfg = Release|Win32
		{C496A5E2-4168-4D7F-B7E9-68D295C6A076}.Release|x86.Build.0 = Release|Win32
	EndGlobalSection
	GlobalSection(SolutionProperties) = preSolution
		HideSolutionNode = FALSE
	EndGlobalSection
	GlobalSection(ExtensibilityGlobals) = postSolution
		SolutionGuid = {FBA1FC47-258D-4FD7-8B17-A7A9FE4E6C69}
	EndGlobalSection
EndGlobal
